
Microsoft Visual Studio Solution File, Format Version 12.00
# Visual Studio Version 17
VisualStudioVersion = 17.3.32922.545
MinimumVisualStudioVersion = 10.0.40219.1
Project("{FAE04EC0-301F-11D3-BF4B-00C04F79EFBC}") = "ExercicioDeFixacao", "ExercicioDeFixacao\ExercicioDeFixacao.csproj", "{92CA7686-4999-4984-871C-94B721BDEA2A}"
EndProject
Global
	GlobalSection(SolutionConfigurationPlatforms) = preSolution
		Debug|Any CPU = Debug|Any CPU
		Release|Any CPU = Release|Any CPU
	EndGlobalSection
	GlobalSection(ProjectConfigurationPlatforms) = postSolution
		{92CA7686-4999-4984-871C-94B721BDEA2A}.Debug|Any CPU.ActiveCfg = Debug|Any CPU
		{92CA7686-4999-4984-871C-94B721BDEA2A}.Debug|Any CPU.Build.0 = Debug|Any CPU
		{92CA7686-4999-4984-871C-94B721BDEA2A}.Release|Any CPU.ActiveCfg = Release|Any CPU
		{92CA7686-4999-4984-871C-94B721BDEA2A}.Release|Any CPU.Build.0 = Release|Any CPU
	EndGlobalSection
	GlobalSection(SolutionProperties) = preSolution
		HideSolutionNode = FALSE
	EndGlobalSection
	GlobalSection(ExtensibilityGlobals) = postSolution
		SolutionGuid = {26670BAD-AB40-4D03-918F-BFAD7668811B}
	EndGlobalSection
EndGlobal
